
Microsoft Visual Studio Solution File, Format Version 12.00
Project("{FAE04EC0-301F-11D3-BF4B-00C04F79EFBC}") = "ExpressionBenchmark", "ExpressionBenchmark\ExpressionBenchmark.csproj", "{27628FCF-B760-4B80-8F80-9E76AB03D156}"
EndProject
Global
	GlobalSection(SolutionConfigurationPlatforms) = preSolution
		Debug|Any CPU = Debug|Any CPU
		Release|Any CPU = Release|Any CPU
	EndGlobalSection
	GlobalSection(ProjectConfigurationPlatforms) = postSolution
		{27628FCF-B760-4B80-8F80-9E76AB03D156}.Debug|Any CPU.ActiveCfg = Debug|Any CPU
		{27628FCF-B760-4B80-8F80-9E76AB03D156}.Debug|Any CPU.Build.0 = Debug|Any CPU
		{27628FCF-B760-4B80-8F80-9E76AB03D156}.Release|Any CPU.ActiveCfg = Release|Any CPU
		{27628FCF-B760-4B80-8F80-9E76AB03D156}.Release|Any CPU.Build.0 = Release|Any CPU
	EndGlobalSection
EndGlobal
